PODS:
  - Apple-Cocoapod-KochavaConsent (6.1.1):
    - Apple-Cocoapod-KochavaUI (~> 6.1.1)
  - Apple-Cocoapod-KochavaCore (6.1.1)
  - Apple-Cocoapod-KochavaUI (6.1.1):
    - Apple-Cocoapod-KochavaCore (~> 6.1.1)

DEPENDENCIES:
  - Apple-Cocoapod-KochavaConsent (from `../`)

SPEC REPOS:
  trunk:
    - Apple-Cocoapod-KochavaCore
    - Apple-Cocoapod-KochavaUI

EXTERNAL SOURCES:
  Apple-Cocoapod-KochavaConsent:
    :path: "../"

SPEC CHECKSUMS:
  Apple-Cocoapod-KochavaConsent: ed07cbc1ce2b663d7c8499879aa368bc82a7f57d
  Apple-Cocoapod-KochavaCore: b0255a5cd156e70e8b9ba20d57ef779d7490e9c2
  Apple-Cocoapod-KochavaUI: 21b52b1214c025a2a605ff46cbe918f205eb17fc

PODFILE CHECKSUM: a243b939af2e756b6a1749562d151a4ca853d05b

COCOAPODS: 1.11.3
