PODS:
  - Apple-Cocoapod-KochavaConsent (5.0.0):
    - Apple-Cocoapod-KochavaUI (~> 5.0.0)
  - Apple-Cocoapod-KochavaCore (5.0.0)
  - Apple-Cocoapod-KochavaUI (5.0.0):
    - Apple-Cocoapod-KochavaCore (~> 5.0.0)

DEPENDENCIES:
  - Apple-Cocoapod-KochavaConsent (from `../`)

SPEC REPOS:
  trunk:
    - Apple-Cocoapod-KochavaCore
    - Apple-Cocoapod-KochavaUI

EXTERNAL SOURCES:
  Apple-Cocoapod-KochavaConsent:
    :path: "../"

SPEC CHECKSUMS:
  Apple-Cocoapod-KochavaConsent: 173b99902418f22b1d72b04800329f9e2887cd56
  Apple-Cocoapod-KochavaCore: 9df48e53d70dc8fc6c34d05414e897786762db32
  Apple-Cocoapod-KochavaUI: a4f6517c7a332c87fef5143952531b6a01455627

PODFILE CHECKSUM: a243b939af2e756b6a1749562d151a4ca853d05b

COCOAPODS: 1.10.1
