PODS:
  - Apple-Cocoapod-KochavaConsent (7.1.0):
    - Apple-Cocoapod-KochavaUI (~> 7.1.0)
  - Apple-Cocoapod-KochavaCore (7.1.0)
  - Apple-Cocoapod-KochavaUI (7.1.0):
    - Apple-Cocoapod-KochavaCore (~> 7.1.0)

DEPENDENCIES:
  - Apple-Cocoapod-KochavaConsent (from `../`)

SPEC REPOS:
  trunk:
    - Apple-Cocoapod-KochavaCore
    - Apple-Cocoapod-KochavaUI

EXTERNAL SOURCES:
  Apple-Cocoapod-KochavaConsent:
    :path: "../"

SPEC CHECKSUMS:
  Apple-Cocoapod-KochavaConsent: 5e028650037e69dbba9fdd210cdbcddbc47c8e2b
  Apple-Cocoapod-KochavaCore: 426115d68c20af8bcd7a34c8b4bbae955da0eaed
  Apple-Cocoapod-KochavaUI: 36dd6a0bebe9569305767ad3e8270809c1fba741

PODFILE CHECKSUM: 821a27acfb8d7d935ec86d468857cb6ec56c4658

COCOAPODS: 1.11.3
